
Microsoft Visual Studio Solution File, Format Version 12.00
# Visual Studio 15
VisualStudioVersion = 15.0.27703.2035
MinimumVisualStudioVersion = 10.0.40219.1
Project("{FAE04EC0-301F-11D3-BF4B-00C04F79EFBC}") = "Compiler", "Compiler\Compiler.csproj", "{7880AC14-3F18-490E-B30C-D29289B5FA67}"
EndProject
Project("{FAE04EC0-301F-11D3-BF4B-00C04F79EFBC}") = "Utilities", "Utilities\Utilities.csproj", "{894994F7-663A-4A7B-B64F-A0C56D5C7782}"
EndProject
Project("{FAE04EC0-301F-11D3-BF4B-00C04F79EFBC}") = "RimRadio Station Maker", "RimRadio Station Maker\RimRadio Station Maker.csproj", "{FF8FC7DC-17E7-4D06-9344-7F375FF0281D}"
EndProject
Project("{FAE04EC0-301F-11D3-BF4B-00C04F79EFBC}") = "Utilities.Helper.Walkers", "Utilities.Helper.Walkers\Utilities.Helper.Walkers.csproj", "{7736CCCC-FF28-433D-8306-D690F9FB7129}"
EndProject
Global
	GlobalSection(SolutionConfigurationPlatforms) = preSolution
		Debug|Any CPU = Debug|Any CPU
		Release|Any CPU = Release|Any CPU
	EndGlobalSection
	GlobalSection(ProjectConfigurationPlatforms) = postSolution
		{7880AC14-3F18-490E-B30C-D29289B5FA67}.Debug|Any CPU.ActiveCfg = Debug|Any CPU
		{7880AC14-3F18-490E-B30C-D29289B5FA67}.Debug|Any CPU.Build.0 = Debug|Any CPU
		{7880AC14-3F18-490E-B30C-D29289B5FA67}.Release|Any CPU.ActiveCfg = Release|Any CPU
		{7880AC14-3F18-490E-B30C-D29289B5FA67}.Release|Any CPU.Build.0 = Release|Any CPU
		{894994F7-663A-4A7B-B64F-A0C56D5C7782}.Debug|Any CPU.ActiveCfg = Debug|Any CPU
		{894994F7-663A-4A7B-B64F-A0C56D5C7782}.Debug|Any CPU.Build.0 = Debug|Any CPU
		{894994F7-663A-4A7B-B64F-A0C56D5C7782}.Release|Any CPU.ActiveCfg = Release|Any CPU
		{894994F7-663A-4A7B-B64F-A0C56D5C7782}.Release|Any CPU.Build.0 = Release|Any CPU
		{FF8FC7DC-17E7-4D06-9344-7F375FF0281D}.Debug|Any CPU.ActiveCfg = Debug|Any CPU
		{FF8FC7DC-17E7-4D06-9344-7F375FF0281D}.Debug|Any CPU.Build.0 = Debug|Any CPU
		{FF8FC7DC-17E7-4D06-9344-7F375FF0281D}.Release|Any CPU.ActiveCfg = Release|Any CPU
		{FF8FC7DC-17E7-4D06-9344-7F375FF0281D}.Release|Any CPU.Build.0 = Release|Any CPU
		{7736CCCC-FF28-433D-8306-D690F9FB7129}.Debug|Any CPU.ActiveCfg = Debug|Any CPU
		{7736CCCC-FF28-433D-8306-D690F9FB7129}.Debug|Any CPU.Build.0 = Debug|Any CPU
		{7736CCCC-FF28-433D-8306-D690F9FB7129}.Release|Any CPU.ActiveCfg = Release|Any CPU
		{7736CCCC-FF28-433D-8306-D690F9FB7129}.Release|Any CPU.Build.0 = Release|Any CPU
	EndGlobalSection
	GlobalSection(SolutionProperties) = preSolution
		HideSolutionNode = FALSE
	EndGlobalSection
	GlobalSection(ExtensibilityGlobals) = postSolution
		SolutionGuid = {74B99100-58B3-41BB-B6A2-8EA5EE72993C}
	EndGlobalSection
EndGlobal
